// !$*UTF8*$!
{
	archiveVersion = 1;
	classes = {
	};
	objectVersion = 56;
	objects = {

/* Begin PBXBuildFile section */
		F64641BA2C8064530056C7E8 /* placesApp.swift in Sources */ = {isa = PBXBuildFile; fileRef = F64641B92C8064530056C7E8 /* placesApp.swift */; };
		F64641BE2C8064550056C7E8 /* Assets.xcassets in Resources */ = {isa = PBXBuildFile; fileRef = F64641BD2C8064540056C7E8 /* Assets.xcassets */; };
		F64641C12C8064550056C7E8 /* Preview Assets.xcassets in Resources */ = {isa = PBXBuildFile; fileRef = F64641C02C8064550056C7E8 /* Preview Assets.xcassets */; };
		F64641CB2C8064550056C7E8 /* placesTests.swift in Sources */ = {isa = PBXBuildFile; fileRef = F64641CA2C8064550056C7E8 /* placesTests.swift */; };
		F64641D52C8064550056C7E8 /* placesUITests.swift in Sources */ = {isa = PBXBuildFile; fileRef = F64641D42C8064550056C7E8 /* placesUITests.swift */; };
		F64641D72C8064550056C7E8 /* placesUITestsLaunchTests.swift in Sources */ = {isa = PBXBuildFile; fileRef = F64641D62C8064550056C7E8 /* placesUITestsLaunchTests.swift */; };
		F64641EC2C8068290056C7E8 /* SearchPlacesModuleBuilder.swift in Sources */ = {isa = PBXBuildFile; fileRef = F64641EB2C8068290056C7E8 /* SearchPlacesModuleBuilder.swift */; };
		F64641EE2C8068820056C7E8 /* SearchPlacesView.swift in Sources */ = {isa = PBXBuildFile; fileRef = F64641ED2C8068820056C7E8 /* SearchPlacesView.swift */; };
/* End PBXBuildFile section */

/* Begin PBXContainerItemProxy section */
		F64641C72C8064550056C7E8 /* PBXContainerItemProxy */ = {
			isa = PBXContainerItemProxy;
			containerPortal = F64641AE2C8064530056C7E8 /* Project object */;
			proxyType = 1;
			remoteGlobalIDString = F64641B52C8064530056C7E8;
			remoteInfo = places;
		};
		F64641D12C8064550056C7E8 /* PBXContainerItemProxy */ = {
			isa = PBXContainerItemProxy;
			containerPortal = F64641AE2C8064530056C7E8 /* Project object */;
			proxyType = 1;
			remoteGlobalIDString = F64641B52C8064530056C7E8;
			remoteInfo = places;
		};
/* End PBXContainerItemProxy section */

/* Begin PBXFileReference section */
		F64641B62C8064530056C7E8 /* places.app */ = {isa = PBXFileReference; explicitFileType = wrapper.application; includeInIndex = 0; path = places.app; sourceTree = BUILT_PRODUCTS_DIR; };
		F64641B92C8064530056C7E8 /* placesApp.swift */ = {isa = PBXFileReference; lastKnownFileType = sourcecode.swift; path = placesApp.swift; sourceTree = "<group>"; };
		F64641BD2C8064540056C7E8 /* Assets.xcassets */ = {isa = PBXFileReference; lastKnownFileType = folder.assetcatalog; path = Assets.xcassets; sourceTree = "<group>"; };
		F64641C02C8064550056C7E8 /* Preview Assets.xcassets */ = {isa = PBXFileReference; lastKnownFileType = folder.assetcatalog; path = "Preview Assets.xcassets"; sourceTree = "<group>"; };
		F64641C62C8064550056C7E8 /* placesTests.xctest */ = {isa = PBXFileReference; explicitFileType = wrapper.cfbundle; includeInIndex = 0; path = placesTests.xctest; sourceTree = BUILT_PRODUCTS_DIR; };
		F64641CA2C8064550056C7E8 /* placesTests.swift */ = {isa = PBXFileReference; lastKnownFileType = sourcecode.swift; path = placesTests.swift; sourceTree = "<group>"; };
		F64641D02C8064550056C7E8 /* placesUITests.xctest */ = {isa = PBXFileReference; explicitFileType = wrapper.cfbundle; includeInIndex = 0; path = placesUITests.xctest; sourceTree = BUILT_PRODUCTS_DIR; };
		F64641D42C8064550056C7E8 /* placesUITests.swift */ = {isa = PBXFileReference; lastKnownFileType = sourcecode.swift; path = placesUITests.swift; sourceTree = "<group>"; };
		F64641D62C8064550056C7E8 /* placesUITestsLaunchTests.swift */ = {isa = PBXFileReference; lastKnownFileType = sourcecode.swift; path = placesUITestsLaunchTests.swift; sourceTree = "<group>"; };
		F64641EB2C8068290056C7E8 /* SearchPlacesModuleBuilder.swift */ = {isa = PBXFileReference; lastKnownFileType = sourcecode.swift; path = SearchPlacesModuleBuilder.swift; sourceTree = SOURCE_ROOT; };
		F64641ED2C8068820056C7E8 /* SearchPlacesView.swift */ = {isa = PBXFileReference; lastKnownFileType = sourcecode.swift; path = SearchPlacesView.swift; sourceTree = "<group>"; };
/* End PBXFileReference section */

/* Begin PBXFrameworksBuildPhase section */
		F64641B32C8064530056C7E8 /* Frameworks */ = {
			isa = PBXFrameworksBuildPhase;
			buildActionMask = 2147483647;
			files = (
			);
			runOnlyForDeploymentPostprocessing = 0;
		};
		F64641C32C8064550056C7E8 /* Frameworks */ = {
			isa = PBXFrameworksBuildPhase;
			buildActionMask = 2147483647;
			files = (
			);
			runOnlyForDeploymentPostprocessing = 0;
		};
		F64641CD2C8064550056C7E8 /* Frameworks */ = {
			isa = PBXFrameworksBuildPhase;
			buildActionMask = 2147483647;
			files = (
			);
			runOnlyForDeploymentPostprocessing = 0;
		};
/* End PBXFrameworksBuildPhase section */

/* Begin PBXGroup section */
		F64641AD2C8064530056C7E8 = {
			isa = PBXGroup;
			children = (
				F64641B82C8064530056C7E8 /* places */,
				F64641C92C8064550056C7E8 /* placesTests */,
				F64641D32C8064550056C7E8 /* placesUITests */,
				F64641B72C8064530056C7E8 /* Products */,
			);
			sourceTree = "<group>";
		};
		F64641B72C8064530056C7E8 /* Products */ = {
			isa = PBXGroup;
			children = (
				F64641B62C8064530056C7E8 /* places.app */,
				F64641C62C8064550056C7E8 /* placesTests.xctest */,
				F64641D02C8064550056C7E8 /* placesUITests.xctest */,
			);
			name = Products;
			sourceTree = "<group>";
		};
		F64641B82C8064530056C7E8 /* places */ = {
			isa = PBXGroup;
			children = (
				F64641E32C8067170056C7E8 /* Modules */,
				F64641B92C8064530056C7E8 /* placesApp.swift */,
				F64641BD2C8064540056C7E8 /* Assets.xcassets */,
				F64641BF2C8064550056C7E8 /* Preview Content */,
			);
			path = places;
			sourceTree = "<group>";
		};
		F64641BF2C8064550056C7E8 /* Preview Content */ = {
			isa = PBXGroup;
			children = (
				F64641C02C8064550056C7E8 /* Preview Assets.xcassets */,
			);
			path = "Preview Content";
			sourceTree = "<group>";
		};
		F64641C92C8064550056C7E8 /* placesTests */ = {
			isa = PBXGroup;
			children = (
				F64641CA2C8064550056C7E8 /* placesTests.swift */,
			);
			path = placesTests;
			sourceTree = "<group>";
		};
		F64641D32C8064550056C7E8 /* placesUITests */ = {
			isa = PBXGroup;
			children = (
				F64641D42C8064550056C7E8 /* placesUITests.swift */,
				F64641D62C8064550056C7E8 /* placesUITestsLaunchTests.swift */,
			);
			path = placesUITests;
			sourceTree = "<group>";
		};
		F64641E32C8067170056C7E8 /* Modules */ = {
			isa = PBXGroup;
			children = (
				F64641E42C8067200056C7E8 /* SearchPlaces */,
			);
			path = Modules;
			sourceTree = "<group>";
		};
		F64641E42C8067200056C7E8 /* SearchPlaces */ = {
			isa = PBXGroup;
			children = (
				F64641EA2C8067E70056C7E8 /* Builder */,
				F64641E92C8067750056C7E8 /* Service */,
				F64641E82C8067560056C7E8 /* Router */,
				F64641E72C80674B0056C7E8 /* Interactor */,
				F64641E62C8067460056C7E8 /* Presenter */,
				F64641E52C8067410056C7E8 /* View */,
			);
			path = SearchPlaces;
			sourceTree = "<group>";
		};
		F64641E52C8067410056C7E8 /* View */ = {
			isa = PBXGroup;
			children = (
				F64641ED2C8068820056C7E8 /* SearchPlacesView.swift */,
			);
			path = View;
			sourceTree = "<group>";
		};
		F64641E62C8067460056C7E8 /* Presenter */ = {
			isa = PBXGroup;
			children = (
			);
			path = Presenter;
			sourceTree = "<group>";
		};
		F64641E72C80674B0056C7E8 /* Interactor */ = {
			isa = PBXGroup;
			children = (
			);
			path = Interactor;
			sourceTree = "<group>";
		};
		F64641E82C8067560056C7E8 /* Router */ = {
			isa = PBXGroup;
			children = (
			);
			path = Router;
			sourceTree = "<group>";
		};
		F64641E92C8067750056C7E8 /* Service */ = {
			isa = PBXGroup;
			children = (
			);
			path = Service;
			sourceTree = "<group>";
		};
		F64641EA2C8067E70056C7E8 /* Builder */ = {
			isa = PBXGroup;
			children = (
				F64641EB2C8068290056C7E8 /* SearchPlacesModuleBuilder.swift */,
			);
			path = Builder;
			sourceTree = "<group>";
		};
/* End PBXGroup section */

/* Begin PBXNativeTarget section */
		F64641B52C8064530056C7E8 /* places */ = {
			isa = PBXNativeTarget;
			buildConfigurationList = F64641DA2C8064550056C7E8 /* Build configuration list for PBXNativeTarget "places" */;
			buildPhases = (
				F64641B22C8064530056C7E8 /* Sources */,
				F64641B32C8064530056C7E8 /* Frameworks */,
				F64641B42C8064530056C7E8 /* Resources */,
			);
			buildRules = (
			);
			dependencies = (
			);
			name = places;
			productName = places;
			productReference = F64641B62C8064530056C7E8 /* places.app */;
			productType = "com.apple.product-type.application";
		};
		F64641C52C8064550056C7E8 /* placesTests */ = {
			isa = PBXNativeTarget;
			buildConfigurationList = F64641DD2C8064550056C7E8 /* Build configuration list for PBXNativeTarget "placesTests" */;
			buildPhases = (
				F64641C22C8064550056C7E8 /* Sources */,
				F64641C32C8064550056C7E8 /* Frameworks */,
				F64641C42C8064550056C7E8 /* Resources */,
			);
			buildRules = (
			);
			dependencies = (
				F64641C82C8064550056C7E8 /* PBXTargetDependency */,
			);
			name = placesTests;
			productName = placesTests;
			productReference = F64641C62C8064550056C7E8 /* placesTests.xctest */;
			productType = "com.apple.product-type.bundle.unit-test";
		};
		F64641CF2C8064550056C7E8 /* placesUITests */ = {
			isa = PBXNativeTarget;
			buildConfigurationList = F64641E02C8064550056C7E8 /* Build configuration list for PBXNativeTarget "placesUITests" */;
			buildPhases = (
				F64641CC2C8064550056C7E8 /* Sources */,
				F64641CD2C8064550056C7E8 /* Frameworks */,
				F64641CE2C8064550056C7E8 /* Resources */,
			);
			buildRules = (
			);
			dependencies = (
				F64641D22C8064550056C7E8 /* PBXTargetDependency */,
			);
			name = placesUITests;
			productName = placesUITests;
			productReference = F64641D02C8064550056C7E8 /* placesUITests.xctest */;
			productType = "com.apple.product-type.bundle.ui-testing";
		};
/* End PBXNativeTarget section */

/* Begin PBXProject section */
		F64641AE2C8064530056C7E8 /* Project object */ = {
			isa = PBXProject;
			attributes = {
				BuildIndependentTargetsInParallel = 1;
				LastSwiftUpdateCheck = 1540;
				LastUpgradeCheck = 1540;
				TargetAttributes = {
					F64641B52C8064530056C7E8 = {
						CreatedOnToolsVersion = 15.4;
					};
					F64641C52C8064550056C7E8 = {
						CreatedOnToolsVersion = 15.4;
						TestTargetID = F64641B52C8064530056C7E8;
					};
					F64641CF2C8064550056C7E8 = {
						CreatedOnToolsVersion = 15.4;
						TestTargetID = F64641B52C8064530056C7E8;
					};
				};
			};
			buildConfigurationList = F64641B12C8064530056C7E8 /* Build configuration list for PBXProject "places" */;
			compatibilityVersion = "Xcode 14.0";
			developmentRegion = en;
			hasScannedForEncodings = 0;
			knownRegions = (
				en,
				Base,
			);
			mainGroup = F64641AD2C8064530056C7E8;
			productRefGroup = F64641B72C8064530056C7E8 /* Products */;
			projectDirPath = "";
			projectRoot = "";
			targets = (
				F64641B52C8064530056C7E8 /* places */,
				F64641C52C8064550056C7E8 /* placesTests */,
				F64641CF2C8064550056C7E8 /* placesUITests */,
			);
		};
/* End PBXProject section */

/* Begin PBXResourcesBuildPhase section */
		F64641B42C8064530056C7E8 /* Resources */ = {
			isa = PBXResourcesBuildPhase;
			buildActionMask = 2147483647;
			files = (
				F64641C12C8064550056C7E8 /* Preview Assets.xcassets in Resources */,
				F64641BE2C8064550056C7E8 /* Assets.xcassets in Resources */,
			);
			runOnlyForDeploymentPostprocessing = 0;
		};
		F64641C42C8064550056C7E8 /* Resources */ = {
			isa = PBXResourcesBuildPhase;
			buildActionMask = 2147483647;
			files = (
			);
			runOnlyForDeploymentPostprocessing = 0;
		};
		F64641CE2C8064550056C7E8 /* Resources */ = {
			isa = PBXResourcesBuildPhase;
			buildActionMask = 2147483647;
			files = (
			);
			runOnlyForDeploymentPostprocessing = 0;
		};
/* End PBXResourcesBuildPhase section */

/* Begin PBXSourcesBuildPhase section */
		F64641B22C8064530056C7E8 /* Sources */ = {
			isa = PBXSourcesBuildPhase;
			buildActionMask = 2147483647;
			files = (
				F64641EE2C8068820056C7E8 /* SearchPlacesView.swift in Sources */,
				F64641BA2C8064530056C7E8 /* placesApp.swift in Sources */,
				F64641EC2C8068290056C7E8 /* SearchPlacesModuleBuilder.swift in Sources */,
			);
			runOnlyForDeploymentPostprocessing = 0;
		};
		F64641C22C8064550056C7E8 /* Sources */ = {
			isa = PBXSourcesBuildPhase;
			buildActionMask = 2147483647;
			files = (
				F64641CB2C8064550056C7E8 /* placesTests.swift in Sources */,
			);
			runOnlyForDeploymentPostprocessing = 0;
		};
		F64641CC2C8064550056C7E8 /* Sources */ = {
			isa = PBXSourcesBuildPhase;
			buildActionMask = 2147483647;
			files = (
				F64641D72C8064550056C7E8 /* placesUITestsLaunchTests.swift in Sources */,
				F64641D52C8064550056C7E8 /* placesUITests.swift in Sources */,
			);
			runOnlyForDeploymentPostprocessing = 0;
		};
/* End PBXSourcesBuildPhase section */

/* Begin PBXTargetDependency section */
		F64641C82C8064550056C7E8 /* PBXTargetDependency */ = {
			isa = PBXTargetDependency;
			target = F64641B52C8064530056C7E8 /* places */;
			targetProxy = F64641C72C8064550056C7E8 /* PBXContainerItemProxy */;
		};
		F64641D22C8064550056C7E8 /* PBXTargetDependency */ = {
			isa = PBXTargetDependency;
			target = F64641B52C8064530056C7E8 /* places */;
			targetProxy = F64641D12C8064550056C7E8 /* PBXContainerItemProxy */;
		};
/* End PBXTargetDependency section */

/* Begin XCBuildConfiguration section */
		F64641D82C8064550056C7E8 /* Debug */ = {
			isa = XCBuildConfiguration;
			buildSettings = {
				ALWAYS_SEARCH_USER_PATHS = NO;
				ASSETCATALOG_COMPILER_GENERATE_SWIFT_ASSET_SYMBOL_EXTENSIONS = YES;
				CLANG_ANALYZER_NONNULL = YES;
				CLANG_ANALYZER_NUMBER_OBJECT_CONVERSION = YES_AGGRESSIVE;
				CLANG_CXX_LANGUAGE_STANDARD = "gnu++20";
				CLANG_ENABLE_MODULES = YES;
				CLANG_ENABLE_OBJC_ARC = YES;
				CLANG_ENABLE_OBJC_WEAK = YES;
				CLANG_WARN_BLOCK_CAPTURE_AUTORELEASING = YES;
				CLANG_WARN_BOOL_CONVERSION = YES;
				CLANG_WARN_COMMA = YES;
				CLANG_WARN_CONSTANT_CONVERSION = YES;
				CLANG_WARN_DEPRECATED_OBJC_IMPLEMENTATIONS = YES;
				CLANG_WARN_DIRECT_OBJC_ISA_USAGE = YES_ERROR;
				CLANG_WARN_DOCUMENTATION_COMMENTS = YES;
				CLANG_WARN_EMPTY_BODY = YES;
				CLANG_WARN_ENUM_CONVERSION = YES;
				CLANG_WARN_INFINITE_RECURSION = YES;
				CLANG_WARN_INT_CONVERSION = YES;
				CLANG_WARN_NON_LITERAL_NULL_CONVERSION = YES;
				CLANG_WARN_OBJC_IMPLICIT_RETAIN_SELF = YES;
				CLANG_WARN_OBJC_LITERAL_CONVERSION = YES;
				CLANG_WARN_OBJC_ROOT_CLASS = YES_ERROR;
				CLANG_WARN_QUOTED_INCLUDE_IN_FRAMEWORK_HEADER = YES;
				CLANG_WARN_RANGE_LOOP_ANALYSIS = YES;
				CLANG_WARN_STRICT_PROTOTYPES = YES;
				CLANG_WARN_SUSPICIOUS_MOVE = YES;
				CLANG_WARN_UNGUARDED_AVAILABILITY = YES_AGGRESSIVE;
				CLANG_WARN_UNREACHABLE_CODE = YES;
				CLANG_WARN__DUPLICATE_METHOD_MATCH = YES;
				COPY_PHASE_STRIP = NO;
				DEBUG_INFORMATION_FORMAT = dwarf;
				ENABLE_STRICT_OBJC_MSGSEND = YES;
				ENABLE_TESTABILITY = YES;
				ENABLE_USER_SCRIPT_SANDBOXING = YES;
				GCC_C_LANGUAGE_STANDARD = gnu17;
				GCC_DYNAMIC_NO_PIC = NO;
				GCC_NO_COMMON_BLOCKS = YES;
				GCC_OPTIMIZATION_LEVEL = 0;
				GCC_PREPROCESSOR_DEFINITIONS = (
					"DEBUG=1",
					"$(inherited)",
				);
				GCC_WARN_64_TO_32_BIT_CONVERSION = YES;
				GCC_WARN_ABOUT_RETURN_TYPE = YES_ERROR;
				GCC_WARN_UNDECLARED_SELECTOR = YES;
				GCC_WARN_UNINITIALIZED_AUTOS = YES_AGGRESSIVE;
				GCC_WARN_UNUSED_FUNCTION = YES;
				GCC_WARN_UNUSED_VARIABLE = YES;
				IPHONEOS_DEPLOYMENT_TARGET = 16.0;
				LOCALIZATION_PREFERS_STRING_CATALOGS = YES;
				MTL_ENABLE_DEBUG_INFO = INCLUDE_SOURCE;
				MTL_FAST_MATH = YES;
				ONLY_ACTIVE_ARCH = YES;
				SDKROOT = iphoneos;
				SWIFT_ACTIVE_COMPILATION_CONDITIONS = "DEBUG $(inherited)";
				SWIFT_OPTIMIZATION_LEVEL = "-Onone";
			};
			name = Debug;
		};
		F64641D92C8064550056C7E8 /* Release */ = {
			isa = XCBuildConfiguration;
			buildSettings = {
				ALWAYS_SEARCH_USER_PATHS = NO;
				ASSETCATALOG_COMPILER_GENERATE_SWIFT_ASSET_SYMBOL_EXTENSIONS = YES;
				CLANG_ANALYZER_NONNULL = YES;
				CLANG_ANALYZER_NUMBER_OBJECT_CONVERSION = YES_AGGRESSIVE;
				CLANG_CXX_LANGUAGE_STANDARD = "gnu++20";
				CLANG_ENABLE_MODULES = YES;
				CLANG_ENABLE_OBJC_ARC = YES;
				CLANG_ENABLE_OBJC_WEAK = YES;
				CLANG_WARN_BLOCK_CAPTURE_AUTORELEASING = YES;
				CLANG_WARN_BOOL_CONVERSION = YES;
				CLANG_WARN_COMMA = YES;
				CLANG_WARN_CONSTANT_CONVERSION = YES;
				CLANG_WARN_DEPRECATED_OBJC_IMPLEMENTATIONS = YES;
				CLANG_WARN_DIRECT_OBJC_ISA_USAGE = YES_ERROR;
				CLANG_WARN_DOCUMENTATION_COMMENTS = YES;
				CLANG_WARN_EMPTY_BODY = YES;
				CLANG_WARN_ENUM_CONVERSION = YES;
				CLANG_WARN_INFINITE_RECURSION = YES;
				CLANG_WARN_INT_CONVERSION = YES;
				CLANG_WARN_NON_LITERAL_NULL_CONVERSION = YES;
				CLANG_WARN_OBJC_IMPLICIT_RETAIN_SELF = YES;
				CLANG_WARN_OBJC_LITERAL_CONVERSION = YES;
				CLANG_WARN_OBJC_ROOT_CLASS = YES_ERROR;
				CLANG_WARN_QUOTED_INCLUDE_IN_FRAMEWORK_HEADER = YES;
				CLANG_WARN_RANGE_LOOP_ANALYSIS = YES;
				CLANG_WARN_STRICT_PROTOTYPES = YES;
				CLANG_WARN_SUSPICIOUS_MOVE = YES;
				CLANG_WARN_UNGUARDED_AVAILABILITY = YES_AGGRESSIVE;
				CLANG_WARN_UNREACHABLE_CODE = YES;
				CLANG_WARN__DUPLICATE_METHOD_MATCH = YES;
				COPY_PHASE_STRIP = NO;
				DEBUG_INFORMATION_FORMAT = "dwarf-with-dsym";
				ENABLE_NS_ASSERTIONS = NO;
				ENABLE_STRICT_OBJC_MSGSEND = YES;
				ENABLE_USER_SCRIPT_SANDBOXING = YES;
				GCC_C_LANGUAGE_STANDARD = gnu17;
				GCC_NO_COMMON_BLOCKS = YES;
				GCC_WARN_64_TO_32_BIT_CONVERSION = YES;
				GCC_WARN_ABOUT_RETURN_TYPE = YES_ERROR;
				GCC_WARN_UNDECLARED_SELECTOR = YES;
				GCC_WARN_UNINITIALIZED_AUTOS = YES_AGGRESSIVE;
				GCC_WARN_UNUSED_FUNCTION = YES;
				GCC_WARN_UNUSED_VARIABLE = YES;
				IPHONEOS_DEPLOYMENT_TARGET = 16.0;
				LOCALIZATION_PREFERS_STRING_CATALOGS = YES;
				MTL_ENABLE_DEBUG_INFO = NO;
				MTL_FAST_MATH = YES;
				SDKROOT = iphoneos;
				SWIFT_COMPILATION_MODE = wholemodule;
				VALIDATE_PRODUCT = YES;
			};
			name = Release;
		};
		F64641DB2C8064550056C7E8 /* Debug */ = {
			isa = XCBuildConfiguration;
			buildSettings = {
				ASSETCATALOG_COMPILER_APPICON_NAME = AppIcon;
				ASSETCATALOG_COMPILER_GLOBAL_ACCENT_COLOR_NAME = AccentColor;
				CODE_SIGN_STYLE = Automatic;
				CURRENT_PROJECT_VERSION = 1;
				DEVELOPMENT_ASSET_PATHS = "\"places/Preview Content\"";
				ENABLE_PREVIEWS = YES;
				GENERATE_INFOPLIST_FILE = YES;
				INFOPLIST_KEY_UIApplicationSceneManifest_Generation = YES;
				INFOPLIST_KEY_UIApplicationSupportsIndirectInputEvents = YES;
				INFOPLIST_KEY_UILaunchScreen_Generation = YES;
				INFOPLIST_KEY_UISupportedInterfaceOrientations_iPad = "UIInterfaceOrientationPortrait UIInterfaceOrientationPortraitUpsideDown UIInterfaceOrientationLandscapeLeft UIInterfaceOrientationLandscapeRight";
				INFOPLIST_KEY_UISupportedInterfaceOrientations_iPhone = "UIInterfaceOrientationPortrait UIInterfaceOrientationLandscapeLeft UIInterfaceOrientationLandscapeRight";
				IPHONEOS_DEPLOYMENT_TARGET = 16.0;
				LD_RUNPATH_SEARCH_PATHS = (
					"$(inherited)",
					"@executable_path/Frameworks",
				);
				MARKETING_VERSION = 1.0;
				PRODUCT_BUNDLE_IDENTIFIER = com.prigodich.places;
				PRODUCT_NAME = "$(TARGET_NAME)";
				SWIFT_EMIT_LOC_STRINGS = YES;
				SWIFT_VERSION = 5.0;
				TARGETED_DEVICE_FAMILY = "1,2";
			};
			name = Debug;
		};
		F64641DC2C8064550056C7E8 /* Release */ = {
			isa = XCBuildConfiguration;
			buildSettings = {
				ASSETCATALOG_COMPILER_APPICON_NAME = AppIcon;
				ASSETCATALOG_COMPILER_GLOBAL_ACCENT_COLOR_NAME = AccentColor;
				CODE_SIGN_STYLE = Automatic;
				CURRENT_PROJECT_VERSION = 1;
				DEVELOPMENT_ASSET_PATHS = "\"places/Preview Content\"";
				ENABLE_PREVIEWS = YES;
				GENERATE_INFOPLIST_FILE = YES;
				INFOPLIST_KEY_UIApplicationSceneManifest_Generation = YES;
				INFOPLIST_KEY_UIApplicationSupportsIndirectInputEvents = YES;
				INFOPLIST_KEY_UILaunchScreen_Generation = YES;
				INFOPLIST_KEY_UISupportedInterfaceOrientations_iPad = "UIInterfaceOrientationPortrait UIInterfaceOrientationPortraitUpsideDown UIInterfaceOrientationLandscapeLeft UIInterfaceOrientationLandscapeRight";
				INFOPLIST_KEY_UISupportedInterfaceOrientations_iPhone = "UIInterfaceOrientationPortrait UIInterfaceOrientationLandscapeLeft UIInterfaceOrientationLandscapeRight";
				IPHONEOS_DEPLOYMENT_TARGET = 16.0;
				LD_RUNPATH_SEARCH_PATHS = (
					"$(inherited)",
					"@executable_path/Frameworks",
				);
				MARKETING_VERSION = 1.0;
				PRODUCT_BUNDLE_IDENTIFIER = com.prigodich.places;
				PRODUCT_NAME = "$(TARGET_NAME)";
				SWIFT_EMIT_LOC_STRINGS = YES;
				SWIFT_VERSION = 5.0;
				TARGETED_DEVICE_FAMILY = "1,2";
			};
			name = Release;
		};
		F64641DE2C8064550056C7E8 /* Debug */ = {
			isa = XCBuildConfiguration;
			buildSettings = {
				ALWAYS_EMBED_SWIFT_STANDARD_LIBRARIES = YES;
				BUNDLE_LOADER = "$(TEST_HOST)";
				CODE_SIGN_STYLE = Automatic;
				CURRENT_PROJECT_VERSION = 1;
				GENERATE_INFOPLIST_FILE = YES;
				IPHONEOS_DEPLOYMENT_TARGET = 17.5;
				MARKETING_VERSION = 1.0;
				PRODUCT_BUNDLE_IDENTIFIER = com.prigodich.placesTests;
				PRODUCT_NAME = "$(TARGET_NAME)";
				SWIFT_EMIT_LOC_STRINGS = NO;
				SWIFT_VERSION = 5.0;
				TARGETED_DEVICE_FAMILY = "1,2";
				TEST_HOST = "$(BUILT_PRODUCTS_DIR)/places.app/$(BUNDLE_EXECUTABLE_FOLDER_PATH)/places";
			};
			name = Debug;
		};
		F64641DF2C8064550056C7E8 /* Release */ = {
			isa = XCBuildConfiguration;
			buildSettings = {
				ALWAYS_EMBED_SWIFT_STANDARD_LIBRARIES = YES;
				BUNDLE_LOADER = "$(TEST_HOST)";
				CODE_SIGN_STYLE = Automatic;
				CURRENT_PROJECT_VERSION = 1;
				GENERATE_INFOPLIST_FILE = YES;
				IPHONEOS_DEPLOYMENT_TARGET = 17.5;
				MARKETING_VERSION = 1.0;
				PRODUCT_BUNDLE_IDENTIFIER = com.prigodich.placesTests;
				PRODUCT_NAME = "$(TARGET_NAME)";
				SWIFT_EMIT_LOC_STRINGS = NO;
				SWIFT_VERSION = 5.0;
				TARGETED_DEVICE_FAMILY = "1,2";
				TEST_HOST = "$(BUILT_PRODUCTS_DIR)/places.app/$(BUNDLE_EXECUTABLE_FOLDER_PATH)/places";
			};
			name = Release;
		};
		F64641E12C8064550056C7E8 /* Debug */ = {
			isa = XCBuildConfiguration;
			buildSettings = {
				ALWAYS_EMBED_SWIFT_STANDARD_LIBRARIES = YES;
				CODE_SIGN_STYLE = Automatic;
				CURRENT_PROJECT_VERSION = 1;
				GENERATE_INFOPLIST_FILE = YES;
				MARKETING_VERSION = 1.0;
				PRODUCT_BUNDLE_IDENTIFIER = com.prigodich.placesUITests;
				PRODUCT_NAME = "$(TARGET_NAME)";
				SWIFT_EMIT_LOC_STRINGS = NO;
				SWIFT_VERSION = 5.0;
				TARGETED_DEVICE_FAMILY = "1,2";
				TEST_TARGET_NAME = places;
			};
			name = Debug;
		};
		F64641E22C8064550056C7E8 /* Release */ = {
			isa = XCBuildConfiguration;
			buildSettings = {
				ALWAYS_EMBED_SWIFT_STANDARD_LIBRARIES = YES;
				CODE_SIGN_STYLE = Automatic;
				CURRENT_PROJECT_VERSION = 1;
				GENERATE_INFOPLIST_FILE = YES;
				MARKETING_VERSION = 1.0;
				PRODUCT_BUNDLE_IDENTIFIER = com.prigodich.placesUITests;
				PRODUCT_NAME = "$(TARGET_NAME)";
				SWIFT_EMIT_LOC_STRINGS = NO;
				SWIFT_VERSION = 5.0;
				TARGETED_DEVICE_FAMILY = "1,2";
				TEST_TARGET_NAME = places;
			};
			name = Release;
		};
/* End XCBuildConfiguration section */

/* Begin XCConfigurationList section */
		F64641B12C8064530056C7E8 /* Build configuration list for PBXProject "places" */ = {
			isa = XCConfigurationList;
			buildConfigurations = (
				F64641D82C8064550056C7E8 /* Debug */,
				F64641D92C8064550056C7E8 /* Release */,
			);
			defaultConfigurationIsVisible = 0;
			defaultConfigurationName = Release;
		};
		F64641DA2C8064550056C7E8 /* Build configuration list for PBXNativeTarget "places" */ = {
			isa = XCConfigurationList;
			buildConfigurations = (
				F64641DB2C8064550056C7E8 /* Debug */,
				F64641DC2C8064550056C7E8 /* Release */,
			);
			defaultConfigurationIsVisible = 0;
			defaultConfigurationName = Release;
		};
		F64641DD2C8064550056C7E8 /* Build configuration list for PBXNativeTarget "placesTests" */ = {
			isa = XCConfigurationList;
			buildConfigurations = (
				F64641DE2C8064550056C7E8 /* Debug */,
				F64641DF2C8064550056C7E8 /* Release */,
			);
			defaultConfigurationIsVisible = 0;
			defaultConfigurationName = Release;
		};
		F64641E02C8064550056C7E8 /* Build configuration list for PBXNativeTarget "placesUITests" */ = {
			isa = XCConfigurationList;
			buildConfigurations = (
				F64641E12C8064550056C7E8 /* Debug */,
				F64641E22C8064550056C7E8 /* Release */,
			);
			defaultConfigurationIsVisible = 0;
			defaultConfigurationName = Release;
		};
/* End XCConfigurationList section */
	};
	rootObject = F64641AE2C8064530056C7E8 /* Project object */;
}
